{
  "name": "shadowguard-demo-workspace",
  "lockfileVersion": 2,
  "requires": true,
  "packages": {
    "": {
      "name": "shadowguard-demo-workspace",
      "version": "1.0.0"
    },
    "node_modules/event-stream": {
      "version": "3.3.6",
      "resolved": "https://registry.npmjs.org/event-stream/-/event-stream-3.3.6.tgz"
    },
    "node_modules/internal-gateway": {
      "version": "git+https://github.com/example/internal-gateway.git",
      "resolved": "git+https://github.com/example/internal-gateway.git"
    },
    "node_modules/reactx": {
      "version": "18.2.0",
      "resolved": "https://registry.npmjs.org/reactx/-/reactx-18.2.0.tgz"
    },
    "node_modules/lodash/node_modules/flatmap-stream": {
      "version": "0.1.1",
      "resolved": "https://registry.npmjs.org/flatmap-stream/-/flatmap-stream-0.1.1.tgz"
    }
  }
}
