{
  "name": "shadowguard-demo-node",
  "lockfileVersion": 2,
  "requires": true,
  "packages": {
    "": {
      "name": "shadowguard-demo-node",
      "version": "1.0.0"
    },
    "node_modules/event-stream": {
      "version": "3.3.6",
      "resolved": "https://registry.npmjs.org/event-stream/-/event-stream-3.3.6.tgz"
    },
    "node_modules/legacy-helper": {
      "version": "latest",
      "resolved": "https://registry.npmjs.org/legacy-helper/-/legacy-helper-latest.tgz"
    },
    "node_modules/internal-gateway": {
      "version": "git+https://github.com/example/internal-gateway.git",
      "resolved": "git+https://github.com/example/internal-gateway.git"
    },
    "node_modules/acme-agpl-reports": {
      "version": "1.4.2",
      "resolved": "https://registry.npmjs.org/acme-agpl-reports/-/acme-agpl-reports-1.4.2.tgz"
    },
    "node_modules/lodash": {
      "version": "^4.17.21",
      "resolved": "https://registry.npmjs.org/lodash/-/lodash-4.17.21.tgz"
    },
    "node_modules/reactx": {
      "version": "18.2.0",
      "resolved": "https://registry.npmjs.org/reactx/-/reactx-18.2.0.tgz"
    },
    "node_modules/vite": {
      "version": "5.4.0-beta.1",
      "resolved": "https://registry.npmjs.org/vite/-/vite-5.4.0-beta.1.tgz"
    },
    "node_modules/lodash/node_modules/flatmap-stream": {
      "version": "0.1.1",
      "resolved": "https://registry.npmjs.org/flatmap-stream/-/flatmap-stream-0.1.1.tgz"
    }
  }
}
